// !$*UTF8*$!
{
	archiveVersion = 1;
	classes = {
	};
	objectVersion = 50;
	objects = {

/* Begin PBXBuildFile section */
		31821492259CAD1100B18C81 /* AppDelegate.swift in Sources */ = {isa = PBXBuildFile; fileRef = 31821491259CAD1100B18C81 /* AppDelegate.swift */; };
		31821494259CAD1100B18C81 /* SceneDelegate.swift in Sources */ = {isa = PBXBuildFile; fileRef = 31821493259CAD1100B18C81 /* SceneDelegate.swift */; };
		31821496259CAD1100B18C81 /* ContentView.swift in Sources */ = {isa = PBXBuildFile; fileRef = 31821495259CAD1100B18C81 /* ContentView.swift */; };
		31821498259CAD1100B18C81 /* Assets.xcassets in Resources */ = {isa = PBXBuildFile; fileRef = 31821497259CAD1100B18C81 /* Assets.xcassets */; };
		3182149B259CAD1100B18C81 /* Preview Assets.xcassets in Resources */ = {isa = PBXBuildFile; fileRef = 3182149A259CAD1100B18C81 /* Preview Assets.xcassets */; };
		3182149E259CAD1100B18C81 /* LaunchScreen.storyboard in Resources */ = {isa = PBXBuildFile; fileRef = 3182149C259CAD1100B18C81 /* LaunchScreen.storyboard */; };
/* End PBXBuildFile section */

/* Begin PBXFileReference section */
		3182148E259CAD1100B18C81 /* Countries-Info SwiftUI.app */ = {isa = PBXFileReference; explicitFileType = wrapper.application; includeInIndex = 0; path = "Countries-Info SwiftUI.app"; sourceTree = BUILT_PRODUCTS_DIR; };
		31821491259CAD1100B18C81 /* AppDelegate.swift */ = {isa = PBXFileReference; lastKnownFileType = sourcecode.swift; path = AppDelegate.swift; sourceTree = "<group>"; };
		31821493259CAD1100B18C81 /* SceneDelegate.swift */ = {isa = PBXFileReference; lastKnownFileType = sourcecode.swift; path = SceneDelegate.swift; sourceTree = "<group>"; };
		31821495259CAD1100B18C81 /* ContentView.swift */ = {isa = PBXFileReference; lastKnownFileType = sourcecode.swift; path = ContentView.swift; sourceTree = "<group>"; };
		31821497259CAD1100B18C81 /* Assets.xcassets */ = {isa = PBXFileReference; lastKnownFileType = folder.assetcatalog; path = Assets.xcassets; sourceTree = "<group>"; };
		3182149A259CAD1100B18C81 /* Preview Assets.xcassets */ = {isa = PBXFileReference; lastKnownFileType = folder.assetcatalog; path = "Preview Assets.xcassets"; sourceTree = "<group>"; };
		3182149D259CAD1100B18C81 /* Base */ = {isa = PBXFileReference; lastKnownFileType = file.storyboard; name = Base; path = Base.lproj/LaunchScreen.storyboard; sourceTree = "<group>"; };
		3182149F259CAD1100B18C81 /* Info.plist */ = {isa = PBXFileReference; lastKnownFileType = text.plist.xml; path = Info.plist; sourceTree = "<group>"; };
/* End PBXFileReference section */

/* Begin PBXFrameworksBuildPhase section */
		3182148B259CAD1100B18C81 /* Frameworks */ = {
			isa = PBXFrameworksBuildPhase;
			buildActionMask = 2147483647;
			files = (
			);
			runOnlyForDeploymentPostprocessing = 0;
		};
/* End PBXFrameworksBuildPhase section */

/* Begin PBXGroup section */
		31821485259CAD1100B18C81 = {
			isa = PBXGroup;
			children = (
				31821490259CAD1100B18C81 /* Countries-Info SwiftUI */,
				3182148F259CAD1100B18C81 /* Products */,
			);
			sourceTree = "<group>";
		};
		3182148F259CAD1100B18C81 /* Products */ = {
			isa = PBXGroup;
			children = (
				3182148E259CAD1100B18C81 /* Countries-Info SwiftUI.app */,
			);
			name = Products;
			sourceTree = "<group>";
		};
		31821490259CAD1100B18C81 /* Countries-Info SwiftUI */ = {
			isa = PBXGroup;
			children = (
				31821491259CAD1100B18C81 /* AppDelegate.swift */,
				31821493259CAD1100B18C81 /* SceneDelegate.swift */,
				31821495259CAD1100B18C81 /* ContentView.swift */,
				31821497259CAD1100B18C81 /* Assets.xcassets */,
				3182149C259CAD1100B18C81 /* LaunchScreen.storyboard */,
				3182149F259CAD1100B18C81 /* Info.plist */,
				31821499259CAD1100B18C81 /* Preview Content */,
			);
			path = "Countries-Info SwiftUI";
			sourceTree = "<group>";
		};
		31821499259CAD1100B18C81 /* Preview Content */ = {
			isa = PBXGroup;
			children = (
				3182149A259CAD1100B18C81 /* Preview Assets.xcassets */,
			);
			path = "Preview Content";
			sourceTree = "<group>";
		};
/* End PBXGroup section */

/* Begin PBXNativeTarget section */
		3182148D259CAD1100B18C81 /* Countries-Info SwiftUI */ = {
			isa = PBXNativeTarget;
			buildConfigurationList = 318214A2259CAD1100B18C81 /* Build configuration list for PBXNativeTarget "Countries-Info SwiftUI" */;
			buildPhases = (
				3182148A259CAD1100B18C81 /* Sources */,
				3182148B259CAD1100B18C81 /* Frameworks */,
				3182148C259CAD1100B18C81 /* Resources */,
			);
			buildRules = (
			);
			dependencies = (
			);
			name = "Countries-Info SwiftUI";
			productName = "Countries-Info SwiftUI";
			productReference = 3182148E259CAD1100B18C81 /* Countries-Info SwiftUI.app */;
			productType = "com.apple.product-type.application";
		};
/* End PBXNativeTarget section */

/* Begin PBXProject section */
		31821486259CAD1100B18C81 /* Project object */ = {
			isa = PBXProject;
			attributes = {
				LastSwiftUpdateCheck = 1220;
				LastUpgradeCheck = 1220;
				TargetAttributes = {
					3182148D259CAD1100B18C81 = {
						CreatedOnToolsVersion = 12.2;
					};
				};
			};
			buildConfigurationList = 31821489259CAD1100B18C81 /* Build configuration list for PBXProject "Countries-Info SwiftUI" */;
			compatibilityVersion = "Xcode 9.3";
			developmentRegion = en;
			hasScannedForEncodings = 0;
			knownRegions = (
				en,
				Base,
			);
			mainGroup = 31821485259CAD1100B18C81;
			productRefGroup = 3182148F259CAD1100B18C81 /* Products */;
			projectDirPath = "";
			projectRoot = "";
			targets = (
				3182148D259CAD1100B18C81 /* Countries-Info SwiftUI */,
			);
		};
/* End PBXProject section */

/* Begin PBXResourcesBuildPhase section */
		3182148C259CAD1100B18C81 /* Resources */ = {
			isa = PBXResourcesBuildPhase;
			buildActionMask = 2147483647;
			files = (
				3182149E259CAD1100B18C81 /* LaunchScreen.storyboard in Resources */,
				3182149B259CAD1100B18C81 /* Preview Assets.xcassets in Resources */,
				31821498259CAD1100B18C81 /* Assets.xcassets in Resources */,
			);
			runOnlyForDeploymentPostprocessing = 0;
		};
/* End PBXResourcesBuildPhase section */

/* Begin PBXSourcesBuildPhase section */
		3182148A259CAD1100B18C81 /* Sources */ = {
			isa = PBXSourcesBuildPhase;
			buildActionMask = 2147483647;
			files = (
				31821492259CAD1100B18C81 /* AppDelegate.swift in Sources */,
				31821494259CAD1100B18C81 /* SceneDelegate.swift in Sources */,
				31821496259CAD1100B18C81 /* ContentView.swift in Sources */,
			);
			runOnlyForDeploymentPostprocessing = 0;
		};
/* End PBXSourcesBuildPhase section */

/* Begin PBXVariantGroup section */
		3182149C259CAD1100B18C81 /* LaunchScreen.storyboard */ = {
			isa = PBXVariantGroup;
			children = (
				3182149D259CAD1100B18C81 /* Base */,
			);
			name = LaunchScreen.storyboard;
			sourceTree = "<group>";
		};
/* End PBXVariantGroup section */

/* Begin XCBuildConfiguration section */
		318214A0259CAD1100B18C81 /* Debug */ = {
			isa = XCBuildConfiguration;
			buildSettings = {
				ALWAYS_SEARCH_USER_PATHS = NO;
				CLANG_ANALYZER_NONNULL = YES;
				CLANG_ANALYZER_NUMBER_OBJECT_CONVERSION = YES_AGGRESSIVE;
				CLANG_CXX_LANGUAGE_STANDARD = "gnu++14";
				CLANG_CXX_LIBRARY = "libc++";
				CLANG_ENABLE_MODULES = YES;
				CLANG_ENABLE_OBJC_ARC = YES;
				CLANG_ENABLE_OBJC_WEAK = YES;
				CLANG_WARN_BLOCK_CAPTURE_AUTORELEASING = YES;
				CLANG_WARN_BOOL_CONVERSION = YES;
				CLANG_WARN_COMMA = YES;
				CLANG_WARN_CONSTANT_CONVERSION = YES;
				CLANG_WARN_DEPRECATED_OBJC_IMPLEMENTATIONS = YES;
				CLANG_WARN_DIRECT_OBJC_ISA_USAGE = YES_ERROR;
				CLANG_WARN_DOCUMENTATION_COMMENTS = YES;
				CLANG_WARN_EMPTY_BODY = YES;
				CLANG_WARN_ENUM_CONVERSION = YES;
				CLANG_WARN_INFINITE_RECURSION = YES;
				CLANG_WARN_INT_CONVERSION = YES;
				CLANG_WARN_NON_LITERAL_NULL_CONVERSION = YES;
				CLANG_WARN_OBJC_IMPLICIT_RETAIN_SELF = YES;
				CLANG_WARN_OBJC_LITERAL_CONVERSION = YES;
				CLANG_WARN_OBJC_ROOT_CLASS = YES_ERROR;
				CLANG_WARN_QUOTED_INCLUDE_IN_FRAMEWORK_HEADER = YES;
				CLANG_WARN_RANGE_LOOP_ANALYSIS = YES;
				CLANG_WARN_STRICT_PROTOTYPES = YES;
				CLANG_WARN_SUSPICIOUS_MOVE = YES;
				CLANG_WARN_UNGUARDED_AVAILABILITY = YES_AGGRESSIVE;
				CLANG_WARN_UNREACHABLE_CODE = YES;
				CLANG_WARN__DUPLICATE_METHOD_MATCH = YES;
				COPY_PHASE_STRIP = NO;
				DEBUG_INFORMATION_FORMAT = dwarf;
				ENABLE_STRICT_OBJC_MSGSEND = YES;
				ENABLE_TESTABILITY = YES;
				GCC_C_LANGUAGE_STANDARD = gnu11;
				GCC_DYNAMIC_NO_PIC = NO;
				GCC_NO_COMMON_BLOCKS = YES;
				GCC_OPTIMIZATION_LEVEL = 0;
				GCC_PREPROCESSOR_DEFINITIONS = (
					"DEBUG=1",
					"$(inherited)",
				);
				GCC_WARN_64_TO_32_BIT_CONVERSION = YES;
				GCC_WARN_ABOUT_RETURN_TYPE = YES_ERROR;
				GCC_WARN_UNDECLARED_SELECTOR = YES;
				GCC_WARN_UNINITIALIZED_AUTOS = YES_AGGRESSIVE;
				GCC_WARN_UNUSED_FUNCTION = YES;
				GCC_WARN_UNUSED_VARIABLE = YES;
				IPHONEOS_DEPLOYMENT_TARGET = 14.2;
				MTL_ENABLE_DEBUG_INFO = INCLUDE_SOURCE;
				MTL_FAST_MATH = YES;
				ONLY_ACTIVE_ARCH = YES;
				SDKROOT = iphoneos;
				SWIFT_ACTIVE_COMPILATION_CONDITIONS = DEBUG;
				SWIFT_OPTIMIZATION_LEVEL = "-Onone";
			};
			name = Debug;
		};
		318214A1259CAD1100B18C81 /* Release */ = {
			isa = XCBuildConfiguration;
			buildSettings = {
				ALWAYS_SEARCH_USER_PATHS = NO;
				CLANG_ANALYZER_NONNULL = YES;
				CLANG_ANALYZER_NUMBER_OBJECT_CONVERSION = YES_AGGRESSIVE;
				CLANG_CXX_LANGUAGE_STANDARD = "gnu++14";
				CLANG_CXX_LIBRARY = "libc++";
				CLANG_ENABLE_MODULES = YES;
				CLANG_ENABLE_OBJC_ARC = YES;
				CLANG_ENABLE_OBJC_WEAK = YES;
				CLANG_WARN_BLOCK_CAPTURE_AUTORELEASING = YES;
				CLANG_WARN_BOOL_CONVERSION = YES;
				CLANG_WARN_COMMA = YES;
				CLANG_WARN_CONSTANT_CONVERSION = YES;
				CLANG_WARN_DEPRECATED_OBJC_IMPLEMENTATIONS = YES;
				CLANG_WARN_DIRECT_OBJC_ISA_USAGE = YES_ERROR;
				CLANG_WARN_DOCUMENTATION_COMMENTS = YES;
				CLANG_WARN_EMPTY_BODY = YES;
				CLANG_WARN_ENUM_CONVERSION = YES;
				CLANG_WARN_INFINITE_RECURSION = YES;
				CLANG_WARN_INT_CONVERSION = YES;
				CLANG_WARN_NON_LITERAL_NULL_CONVERSION = YES;
				CLANG_WARN_OBJC_IMPLICIT_RETAIN_SELF = YES;
				CLANG_WARN_OBJC_LITERAL_CONVERSION = YES;
				CLANG_WARN_OBJC_ROOT_CLASS = YES_ERROR;
				CLANG_WARN_QUOTED_INCLUDE_IN_FRAMEWORK_HEADER = YES;
				CLANG_WARN_RANGE_LOOP_ANALYSIS = YES;
				CLANG_WARN_STRICT_PROTOTYPES = YES;
				CLANG_WARN_SUSPICIOUS_MOVE = YES;
				CLANG_WARN_UNGUARDED_AVAILABILITY = YES_AGGRESSIVE;
				CLANG_WARN_UNREACHABLE_CODE = YES;
				CLANG_WARN__DUPLICATE_METHOD_MATCH = YES;
				COPY_PHASE_STRIP = NO;
				DEBUG_INFORMATION_FORMAT = "dwarf-with-dsym";
				ENABLE_NS_ASSERTIONS = NO;
				ENABLE_STRICT_OBJC_MSGSEND = YES;
				GCC_C_LANGUAGE_STANDARD = gnu11;
				GCC_NO_COMMON_BLOCKS = YES;
				GCC_WARN_64_TO_32_BIT_CONVERSION = YES;
				GCC_WARN_ABOUT_RETURN_TYPE = YES_ERROR;
				GCC_WARN_UNDECLARED_SELECTOR = YES;
				GCC_WARN_UNINITIALIZED_AUTOS = YES_AGGRESSIVE;
				GCC_WARN_UNUSED_FUNCTION = YES;
				GCC_WARN_UNUSED_VARIABLE = YES;
				IPHONEOS_DEPLOYMENT_TARGET = 14.2;
				MTL_ENABLE_DEBUG_INFO = NO;
				MTL_FAST_MATH = YES;
				SDKROOT = iphoneos;
				SWIFT_COMPILATION_MODE = wholemodule;
				SWIFT_OPTIMIZATION_LEVEL = "-O";
				VALIDATE_PRODUCT = YES;
			};
			name = Release;
		};
		318214A3259CAD1100B18C81 /* Debug */ = {
			isa = XCBuildConfiguration;
			buildSettings = {
				ASSETCATALOG_COMPILER_APPICON_NAME = AppIcon;
				ASSETCATALOG_COMPILER_GLOBAL_ACCENT_COLOR_NAME = AccentColor;
				CODE_SIGN_STYLE = Automatic;
				DEVELOPMENT_ASSET_PATHS = "\"Countries-Info SwiftUI/Preview Content\"";
				DEVELOPMENT_TEAM = 9964CXZHWZ;
				ENABLE_PREVIEWS = YES;
				INFOPLIST_FILE = "Countries-Info SwiftUI/Info.plist";
				LD_RUNPATH_SEARCH_PATHS = (
					"$(inherited)",
					"@executable_path/Frameworks",
				);
				PRODUCT_BUNDLE_IDENTIFIER = "olegstasiw.Countries-Info-SwiftUI";
				PRODUCT_NAME = "$(TARGET_NAME)";
				SWIFT_VERSION = 5.0;
				TARGETED_DEVICE_FAMILY = "1,2";
			};
			name = Debug;
		};
		318214A4259CAD1100B18C81 /* Release */ = {
			isa = XCBuildConfiguration;
			buildSettings = {
				ASSETCATALOG_COMPILER_APPICON_NAME = AppIcon;
				ASSETCATALOG_COMPILER_GLOBAL_ACCENT_COLOR_NAME = AccentColor;
				CODE_SIGN_STYLE = Automatic;
				DEVELOPMENT_ASSET_PATHS = "\"Countries-Info SwiftUI/Preview Content\"";
				DEVELOPMENT_TEAM = 9964CXZHWZ;
				ENABLE_PREVIEWS = YES;
				INFOPLIST_FILE = "Countries-Info SwiftUI/Info.plist";
				LD_RUNPATH_SEARCH_PATHS = (
					"$(inherited)",
					"@executable_path/Frameworks",
				);
				PRODUCT_BUNDLE_IDENTIFIER = "olegstasiw.Countries-Info-SwiftUI";
				PRODUCT_NAME = "$(TARGET_NAME)";
				SWIFT_VERSION = 5.0;
				TARGETED_DEVICE_FAMILY = "1,2";
			};
			name = Release;
		};
/* End XCBuildConfiguration section */

/* Begin XCConfigurationList section */
		31821489259CAD1100B18C81 /* Build configuration list for PBXProject "Countries-Info SwiftUI" */ = {
			isa = XCConfigurationList;
			buildConfigurations = (
				318214A0259CAD1100B18C81 /* Debug */,
				318214A1259CAD1100B18C81 /* Release */,
			);
			defaultConfigurationIsVisible = 0;
			defaultConfigurationName = Release;
		};
		318214A2259CAD1100B18C81 /* Build configuration list for PBXNativeTarget "Countries-Info SwiftUI" */ = {
			isa = XCConfigurationList;
			buildConfigurations = (
				318214A3259CAD1100B18C81 /* Debug */,
				318214A4259CAD1100B18C81 /* Release */,
			);
			defaultConfigurationIsVisible = 0;
			defaultConfigurationName = Release;
		};
/* End XCConfigurationList section */
	};
	rootObject = 31821486259CAD1100B18C81 /* Project object */;
}
